
Microsoft Visual Studio Solution File, Format Version 12.00
# Visual Studio Version 17
VisualStudioVersion = 17.3.32811.315
MinimumVisualStudioVersion = 10.0.40219.1
Project("{FAE04EC0-301F-11D3-BF4B-00C04F79EFBC}") = "WebApplicationMVC", "WebApplicationMVC.csproj", "{060D18A4-6C5B-49D1-911A-CD727C551CAC}"
EndProject
Global
	GlobalSection(SolutionConfigurationPlatforms) = preSolution
		Debug|Any CPU = Debug|Any CPU
		Release|Any CPU = Release|Any CPU
	EndGlobalSection
	GlobalSection(ProjectConfigurationPlatforms) = postSolution
		{060D18A4-6C5B-49D1-911A-CD727C551CAC}.Debug|Any CPU.ActiveCfg = Debug|Any CPU
		{060D18A4-6C5B-49D1-911A-CD727C551CAC}.Debug|Any CPU.Build.0 = Debug|Any CPU
		{060D18A4-6C5B-49D1-911A-CD727C551CAC}.Release|Any CPU.ActiveCfg = Release|Any CPU
		{060D18A4-6C5B-49D1-911A-CD727C551CAC}.Release|Any CPU.Build.0 = Release|Any CPU
	EndGlobalSection
	GlobalSection(SolutionProperties) = preSolution
		HideSolutionNode = FALSE
	EndGlobalSection
	GlobalSection(ExtensibilityGlobals) = postSolution
		SolutionGuid = {0B86B176-304A-4321-AC64-EC38CB3C5B5C}
	EndGlobalSection
EndGlobal
